
Microsoft Visual Studio Solution File, Format Version 12.00
# Visual Studio 15
VisualStudioVersion = 15.0.27428.2005
MinimumVisualStudioVersion = 10.0.40219.1
Project("{FAE04EC0-301F-11D3-BF4B-00C04F79EFBC}") = "BeamToTXT", "BeamToTXT\BeamToTXT.csproj", "{403049F7-3341-4141-8D8B-57E954FFD113}"
EndProject
Global
	GlobalSection(SolutionConfigurationPlatforms) = preSolution
		Debug|Any CPU = Debug|Any CPU
		Release|Any CPU = Release|Any CPU
	EndGlobalSection
	GlobalSection(ProjectConfigurationPlatforms) = postSolution
		{403049F7-3341-4141-8D8B-57E954FFD113}.Debug|Any CPU.ActiveCfg = Debug|Any CPU
		{403049F7-3341-4141-8D8B-57E954FFD113}.Debug|Any CPU.Build.0 = Debug|Any CPU
		{403049F7-3341-4141-8D8B-57E954FFD113}.Release|Any CPU.ActiveCfg = Release|Any CPU
		{403049F7-3341-4141-8D8B-57E954FFD113}.Release|Any CPU.Build.0 = Release|Any CPU
	EndGlobalSection
	GlobalSection(SolutionProperties) = preSolution
		HideSolutionNode = FALSE
	EndGlobalSection
	GlobalSection(ExtensibilityGlobals) = postSolution
		SolutionGuid = {5FCABFF0-D707-4C86-B6DE-EBFB629C19C6}
	EndGlobalSection
EndGlobal
